// !$*UTF8*$!
{
	archiveVersion = 1;
	classes = {
	};
	objectVersion = 50;
	objects = {

/* Begin PBXBuildFile section */
		3E04FE4026B52982004734F5 /* RequestMicrophoneAuthorizationController.swift in Sources */ = {isa = PBXBuildFile; fileRef = 3E04FE3F26B52982004734F5 /* RequestMicrophoneAuthorizationController.swift */; };
		3E3D24B626B11E0E00F2F3CC /* AppDelegate.swift in Sources */ = {isa = PBXBuildFile; fileRef = 3E3D24B526B11E0E00F2F3CC /* AppDelegate.swift */; };
		3E3D24B826B11E0E00F2F3CC /* SceneDelegate.swift in Sources */ = {isa = PBXBuildFile; fileRef = 3E3D24B726B11E0E00F2F3CC /* SceneDelegate.swift */; };
		3E3D24BA26B11E0E00F2F3CC /* ViewController.swift in Sources */ = {isa = PBXBuildFile; fileRef = 3E3D24B926B11E0E00F2F3CC /* ViewController.swift */; };
		3E3D24BD26B11E0E00F2F3CC /* Main.storyboard in Resources */ = {isa = PBXBuildFile; fileRef = 3E3D24BB26B11E0E00F2F3CC /* Main.storyboard */; };
		3E3D24BF26B11E1100F2F3CC /* Assets.xcassets in Resources */ = {isa = PBXBuildFile; fileRef = 3E3D24BE26B11E1100F2F3CC /* Assets.xcassets */; };
		3E3D24C226B11E1200F2F3CC /* LaunchScreen.storyboard in Resources */ = {isa = PBXBuildFile; fileRef = 3E3D24C026B11E1200F2F3CC /* LaunchScreen.storyboard */; };
		3E3D24CB26B11E7F00F2F3CC /* LaunchViewController.swift in Sources */ = {isa = PBXBuildFile; fileRef = 3E3D24C926B11E7F00F2F3CC /* LaunchViewController.swift */; };
		3E3D24CC26B11E7F00F2F3CC /* LaunchViewController.xib in Resources */ = {isa = PBXBuildFile; fileRef = 3E3D24CA26B11E7F00F2F3CC /* LaunchViewController.xib */; };
		3E3D24D126B1291F00F2F3CC /* RequestCameraAuthorizationView.swift in Sources */ = {isa = PBXBuildFile; fileRef = 3E3D24D026B1291F00F2F3CC /* RequestCameraAuthorizationView.swift */; };
		3E3D24D326B1298000F2F3CC /* RequestCameraAuthorizationView.xib in Resources */ = {isa = PBXBuildFile; fileRef = 3E3D24D226B1298000F2F3CC /* RequestCameraAuthorizationView.xib */; };
		3E3D24D526B181E300F2F3CC /* RequestCameraAuthorizationController.swift in Sources */ = {isa = PBXBuildFile; fileRef = 3E3D24D426B181E300F2F3CC /* RequestCameraAuthorizationController.swift */; };
		3E90815D26B649E000CF7AEA /* RequestPhotoLibraryAuthView.swift in Sources */ = {isa = PBXBuildFile; fileRef = 3E90815C26B649E000CF7AEA /* RequestPhotoLibraryAuthView.swift */; };
		3E90815F26B64A0000CF7AEA /* RequestPhotoLibraryAuthView.xib in Resources */ = {isa = PBXBuildFile; fileRef = 3E90815E26B64A0000CF7AEA /* RequestPhotoLibraryAuthView.xib */; };
		3E90816226B64E3E00CF7AEA /* UIView+AddShadow.swift in Sources */ = {isa = PBXBuildFile; fileRef = 3E90816126B64E3E00CF7AEA /* UIView+AddShadow.swift */; };
		3E90816426B64FEF00CF7AEA /* UIView+Animation.swift in Sources */ = {isa = PBXBuildFile; fileRef = 3E90816326B64FEF00CF7AEA /* UIView+Animation.swift */; };
		3E90816626B66EFB00CF7AEA /* RequestPhotoLibraryAuthController.swift in Sources */ = {isa = PBXBuildFile; fileRef = 3E90816526B66EFB00CF7AEA /* RequestPhotoLibraryAuthController.swift */; };
		3E9D6A6E26B8E8D500EDFECA /* VideoPreviewView.swift in Sources */ = {isa = PBXBuildFile; fileRef = 3E9D6A6D26B8E8D500EDFECA /* VideoPreviewView.swift */; };
		3E9D6A7126B8EB0D00EDFECA /* CaptureSessionController.swift in Sources */ = {isa = PBXBuildFile; fileRef = 3E9D6A7026B8EB0D00EDFECA /* CaptureSessionController.swift */; };
		3EB1DD8426B4FFA800082939 /* RequestMicrophoneAuthorizationView.swift in Sources */ = {isa = PBXBuildFile; fileRef = 3EB1DD8326B4FFA800082939 /* RequestMicrophoneAuthorizationView.swift */; };
		3EB1DD8626B4FFDE00082939 /* RequestMicrophoneAuthorizationView.xib in Resources */ = {isa = PBXBuildFile; fileRef = 3EB1DD8526B4FFDE00082939 /* RequestMicrophoneAuthorizationView.xib */; };
		3EF31B8626B7C72D00CC852C /* CaptureViewController.swift in Sources */ = {isa = PBXBuildFile; fileRef = 3EF31B8426B7C72D00CC852C /* CaptureViewController.swift */; };
		3EF31B8726B7C72D00CC852C /* CaptureViewController.xib in Resources */ = {isa = PBXBuildFile; fileRef = 3EF31B8526B7C72D00CC852C /* CaptureViewController.xib */; };
		3EF31B8926B7C76500CC852C /* AppSetup.swift in Sources */ = {isa = PBXBuildFile; fileRef = 3EF31B8826B7C76500CC852C /* AppSetup.swift */; };
/* End PBXBuildFile section */

/* Begin PBXFileReference section */
		3E04FE3F26B52982004734F5 /* RequestMicrophoneAuthorizationController.swift */ = {isa = PBXFileReference; lastKnownFileType = sourcecode.swift; path = RequestMicrophoneAuthorizationController.swift; sourceTree = "<group>"; };
		3E3D24B226B11E0E00F2F3CC /* testCamera.app */ = {isa = PBXFileReference; explicitFileType = wrapper.application; includeInIndex = 0; path = testCamera.app; sourceTree = BUILT_PRODUCTS_DIR; };
		3E3D24B526B11E0E00F2F3CC /* AppDelegate.swift */ = {isa = PBXFileReference; lastKnownFileType = sourcecode.swift; path = AppDelegate.swift; sourceTree = "<group>"; };
		3E3D24B726B11E0E00F2F3CC /* SceneDelegate.swift */ = {isa = PBXFileReference; lastKnownFileType = sourcecode.swift; path = SceneDelegate.swift; sourceTree = "<group>"; };
		3E3D24B926B11E0E00F2F3CC /* ViewController.swift */ = {isa = PBXFileReference; lastKnownFileType = sourcecode.swift; path = ViewController.swift; sourceTree = "<group>"; };
		3E3D24BC26B11E0E00F2F3CC /* Base */ = {isa = PBXFileReference; lastKnownFileType = file.storyboard; name = Base; path = Base.lproj/Main.storyboard; sourceTree = "<group>"; };
		3E3D24BE26B11E1100F2F3CC /* Assets.xcassets */ = {isa = PBXFileReference; lastKnownFileType = folder.assetcatalog; path = Assets.xcassets; sourceTree = "<group>"; };
		3E3D24C126B11E1200F2F3CC /* Base */ = {isa = PBXFileReference; lastKnownFileType = file.storyboard; name = Base; path = Base.lproj/LaunchScreen.storyboard; sourceTree = "<group>"; };
		3E3D24C326B11E1200F2F3CC /* Info.plist */ = {isa = PBXFileReference; lastKnownFileType = text.plist.xml; path = Info.plist; sourceTree = "<group>"; };
		3E3D24C926B11E7F00F2F3CC /* LaunchViewController.swift */ = {isa = PBXFileReference; lastKnownFileType = sourcecode.swift; path = LaunchViewController.swift; sourceTree = "<group>"; };
		3E3D24CA26B11E7F00F2F3CC /* LaunchViewController.xib */ = {isa = PBXFileReference; lastKnownFileType = file.xib; path = LaunchViewController.xib; sourceTree = "<group>"; };
		3E3D24D026B1291F00F2F3CC /* RequestCameraAuthorizationView.swift */ = {isa = PBXFileReference; lastKnownFileType = sourcecode.swift; path = RequestCameraAuthorizationView.swift; sourceTree = "<group>"; };
		3E3D24D226B1298000F2F3CC /* RequestCameraAuthorizationView.xib */ = {isa = PBXFileReference; lastKnownFileType = file.xib; path = RequestCameraAuthorizationView.xib; sourceTree = "<group>"; };
		3E3D24D426B181E300F2F3CC /* RequestCameraAuthorizationController.swift */ = {isa = PBXFileReference; lastKnownFileType = sourcecode.swift; path = RequestCameraAuthorizationController.swift; sourceTree = "<group>"; };
		3E90815C26B649E000CF7AEA /* RequestPhotoLibraryAuthView.swift */ = {isa = PBXFileReference; lastKnownFileType = sourcecode.swift; path = RequestPhotoLibraryAuthView.swift; sourceTree = "<group>"; };
		3E90815E26B64A0000CF7AEA /* RequestPhotoLibraryAuthView.xib */ = {isa = PBXFileReference; lastKnownFileType = file.xib; path = RequestPhotoLibraryAuthView.xib; sourceTree = "<group>"; };
		3E90816126B64E3E00CF7AEA /* UIView+AddShadow.swift */ = {isa = PBXFileReference; lastKnownFileType = sourcecode.swift; path = "UIView+AddShadow.swift"; sourceTree = "<group>"; };
		3E90816326B64FEF00CF7AEA /* UIView+Animation.swift */ = {isa = PBXFileReference; lastKnownFileType = sourcecode.swift; path = "UIView+Animation.swift"; sourceTree = "<group>"; };
		3E90816526B66EFB00CF7AEA /* RequestPhotoLibraryAuthController.swift */ = {isa = PBXFileReference; lastKnownFileType = sourcecode.swift; path = RequestPhotoLibraryAuthController.swift; sourceTree = "<group>"; };
		3E9D6A6D26B8E8D500EDFECA /* VideoPreviewView.swift */ = {isa = PBXFileReference; lastKnownFileType = sourcecode.swift; path = VideoPreviewView.swift; sourceTree = "<group>"; };
		3E9D6A7026B8EB0D00EDFECA /* CaptureSessionController.swift */ = {isa = PBXFileReference; lastKnownFileType = sourcecode.swift; path = CaptureSessionController.swift; sourceTree = "<group>"; };
		3EB1DD8326B4FFA800082939 /* RequestMicrophoneAuthorizationView.swift */ = {isa = PBXFileReference; lastKnownFileType = sourcecode.swift; path = RequestMicrophoneAuthorizationView.swift; sourceTree = "<group>"; };
		3EB1DD8526B4FFDE00082939 /* RequestMicrophoneAuthorizationView.xib */ = {isa = PBXFileReference; lastKnownFileType = file.xib; path = RequestMicrophoneAuthorizationView.xib; sourceTree = "<group>"; };
		3EF31B8426B7C72D00CC852C /* CaptureViewController.swift */ = {isa = PBXFileReference; lastKnownFileType = sourcecode.swift; path = CaptureViewController.swift; sourceTree = "<group>"; };
		3EF31B8526B7C72D00CC852C /* CaptureViewController.xib */ = {isa = PBXFileReference; lastKnownFileType = file.xib; path = CaptureViewController.xib; sourceTree = "<group>"; };
		3EF31B8826B7C76500CC852C /* AppSetup.swift */ = {isa = PBXFileReference; lastKnownFileType = sourcecode.swift; path = AppSetup.swift; sourceTree = "<group>"; };
/* End PBXFileReference section */

/* Begin PBXFrameworksBuildPhase section */
		3E3D24AF26B11E0E00F2F3CC /* Frameworks */ = {
			isa = PBXFrameworksBuildPhase;
			buildActionMask = 2147483647;
			files = (
			);
			runOnlyForDeploymentPostprocessing = 0;
		};
/* End PBXFrameworksBuildPhase section */

/* Begin PBXGroup section */
		3E3D24A926B11E0E00F2F3CC = {
			isa = PBXGroup;
			children = (
				3E3D24B426B11E0E00F2F3CC /* testCamera */,
				3E3D24B326B11E0E00F2F3CC /* Products */,
			);
			sourceTree = "<group>";
		};
		3E3D24B326B11E0E00F2F3CC /* Products */ = {
			isa = PBXGroup;
			children = (
				3E3D24B226B11E0E00F2F3CC /* testCamera.app */,
			);
			name = Products;
			sourceTree = "<group>";
		};
		3E3D24B426B11E0E00F2F3CC /* testCamera */ = {
			isa = PBXGroup;
			children = (
				3EF31B8326B7C6E200CC852C /* ViewControllers */,
				3E90816026B64E1900CF7AEA /* Extension */,
				3E3D24CD26B1281200F2F3CC /* View */,
				3E3D24B526B11E0E00F2F3CC /* AppDelegate.swift */,
				3E3D24B726B11E0E00F2F3CC /* SceneDelegate.swift */,
				3E3D24CA26B11E7F00F2F3CC /* LaunchViewController.xib */,
				3E3D24BB26B11E0E00F2F3CC /* Main.storyboard */,
				3E3D24BE26B11E1100F2F3CC /* Assets.xcassets */,
				3E3D24C026B11E1200F2F3CC /* LaunchScreen.storyboard */,
				3E3D24C326B11E1200F2F3CC /* Info.plist */,
				3EF31B8826B7C76500CC852C /* AppSetup.swift */,
			);
			path = testCamera;
			sourceTree = "<group>";
		};
		3E3D24CD26B1281200F2F3CC /* View */ = {
			isa = PBXGroup;
			children = (
				3E9D6A6C26B8E8B100EDFECA /* video Preview */,
				3E3D24CE26B1285E00F2F3CC /* Request Authentication */,
			);
			path = View;
			sourceTree = "<group>";
		};
		3E3D24CE26B1285E00F2F3CC /* Request Authentication */ = {
			isa = PBXGroup;
			children = (
				3E90815A26B6497200CF7AEA /* PhotoLibrary */,
				3EB1DD8226B4FF8300082939 /* Microphone */,
				3E3D24CF26B1287700F2F3CC /* Camera */,
			);
			path = "Request Authentication";
			sourceTree = "<group>";
		};
		3E3D24CF26B1287700F2F3CC /* Camera */ = {
			isa = PBXGroup;
			children = (
				3E3D24D026B1291F00F2F3CC /* RequestCameraAuthorizationView.swift */,
				3E3D24D226B1298000F2F3CC /* RequestCameraAuthorizationView.xib */,
				3E3D24D426B181E300F2F3CC /* RequestCameraAuthorizationController.swift */,
			);
			path = Camera;
			sourceTree = "<group>";
		};
		3E90815A26B6497200CF7AEA /* PhotoLibrary */ = {
			isa = PBXGroup;
			children = (
				3E90815C26B649E000CF7AEA /* RequestPhotoLibraryAuthView.swift */,
				3E90815E26B64A0000CF7AEA /* RequestPhotoLibraryAuthView.xib */,
				3E90816526B66EFB00CF7AEA /* RequestPhotoLibraryAuthController.swift */,
			);
			path = PhotoLibrary;
			sourceTree = "<group>";
		};
		3E90816026B64E1900CF7AEA /* Extension */ = {
			isa = PBXGroup;
			children = (
				3E90816126B64E3E00CF7AEA /* UIView+AddShadow.swift */,
				3E90816326B64FEF00CF7AEA /* UIView+Animation.swift */,
			);
			path = Extension;
			sourceTree = "<group>";
		};
		3E9D6A6C26B8E8B100EDFECA /* video Preview */ = {
			isa = PBXGroup;
			children = (
				3E9D6A6D26B8E8D500EDFECA /* VideoPreviewView.swift */,
			);
			path = "video Preview";
			sourceTree = "<group>";
		};
		3E9D6A6F26B8EAEC00EDFECA /* CaptureControllers */ = {
			isa = PBXGroup;
			children = (
				3EF31B8426B7C72D00CC852C /* CaptureViewController.swift */,
				3EF31B8526B7C72D00CC852C /* CaptureViewController.xib */,
				3E9D6A7026B8EB0D00EDFECA /* CaptureSessionController.swift */,
			);
			path = CaptureControllers;
			sourceTree = "<group>";
		};
		3EB1DD8226B4FF8300082939 /* Microphone */ = {
			isa = PBXGroup;
			children = (
				3EB1DD8326B4FFA800082939 /* RequestMicrophoneAuthorizationView.swift */,
				3EB1DD8526B4FFDE00082939 /* RequestMicrophoneAuthorizationView.xib */,
				3E04FE3F26B52982004734F5 /* RequestMicrophoneAuthorizationController.swift */,
			);
			path = Microphone;
			sourceTree = "<group>";
		};
		3EF31B8326B7C6E200CC852C /* ViewControllers */ = {
			isa = PBXGroup;
			children = (
				3E9D6A6F26B8EAEC00EDFECA /* CaptureControllers */,
				3E3D24B926B11E0E00F2F3CC /* ViewController.swift */,
				3E3D24C926B11E7F00F2F3CC /* LaunchViewController.swift */,
			);
			path = ViewControllers;
			sourceTree = "<group>";
		};
/* End PBXGroup section */

/* Begin PBXNativeTarget section */
		3E3D24B126B11E0E00F2F3CC /* testCamera */ = {
			isa = PBXNativeTarget;
			buildConfigurationList = 3E3D24C626B11E1200F2F3CC /* Build configuration list for PBXNativeTarget "testCamera" */;
			buildPhases = (
				3E3D24AE26B11E0E00F2F3CC /* Sources */,
				3E3D24AF26B11E0E00F2F3CC /* Frameworks */,
				3E3D24B026B11E0E00F2F3CC /* Resources */,
			);
			buildRules = (
			);
			dependencies = (
			);
			name = testCamera;
			productName = testCamera;
			productReference = 3E3D24B226B11E0E00F2F3CC /* testCamera.app */;
			productType = "com.apple.product-type.application";
		};
/* End PBXNativeTarget section */

/* Begin PBXProject section */
		3E3D24AA26B11E0E00F2F3CC /* Project object */ = {
			isa = PBXProject;
			attributes = {
				LastSwiftUpdateCheck = 1250;
				LastUpgradeCheck = 1250;
				TargetAttributes = {
					3E3D24B126B11E0E00F2F3CC = {
						CreatedOnToolsVersion = 12.5;
					};
				};
			};
			buildConfigurationList = 3E3D24AD26B11E0E00F2F3CC /* Build configuration list for PBXProject "testCamera" */;
			compatibilityVersion = "Xcode 9.3";
			developmentRegion = en;
			hasScannedForEncodings = 0;
			knownRegions = (
				en,
				Base,
			);
			mainGroup = 3E3D24A926B11E0E00F2F3CC;
			productRefGroup = 3E3D24B326B11E0E00F2F3CC /* Products */;
			projectDirPath = "";
			projectRoot = "";
			targets = (
				3E3D24B126B11E0E00F2F3CC /* testCamera */,
			);
		};
/* End PBXProject section */

/* Begin PBXResourcesBuildPhase section */
		3E3D24B026B11E0E00F2F3CC /* Resources */ = {
			isa = PBXResourcesBuildPhase;
			buildActionMask = 2147483647;
			files = (
				3E3D24D326B1298000F2F3CC /* RequestCameraAuthorizationView.xib in Resources */,
				3E90815F26B64A0000CF7AEA /* RequestPhotoLibraryAuthView.xib in Resources */,
				3E3D24C226B11E1200F2F3CC /* LaunchScreen.storyboard in Resources */,
				3EB1DD8626B4FFDE00082939 /* RequestMicrophoneAuthorizationView.xib in Resources */,
				3E3D24BF26B11E1100F2F3CC /* Assets.xcassets in Resources */,
				3EF31B8726B7C72D00CC852C /* CaptureViewController.xib in Resources */,
				3E3D24BD26B11E0E00F2F3CC /* Main.storyboard in Resources */,
				3E3D24CC26B11E7F00F2F3CC /* LaunchViewController.xib in Resources */,
			);
			runOnlyForDeploymentPostprocessing = 0;
		};
/* End PBXResourcesBuildPhase section */

/* Begin PBXSourcesBuildPhase section */
		3E3D24AE26B11E0E00F2F3CC /* Sources */ = {
			isa = PBXSourcesBuildPhase;
			buildActionMask = 2147483647;
			files = (
				3E3D24BA26B11E0E00F2F3CC /* ViewController.swift in Sources */,
				3E90815D26B649E000CF7AEA /* RequestPhotoLibraryAuthView.swift in Sources */,
				3E90816226B64E3E00CF7AEA /* UIView+AddShadow.swift in Sources */,
				3E3D24B626B11E0E00F2F3CC /* AppDelegate.swift in Sources */,
				3E90816626B66EFB00CF7AEA /* RequestPhotoLibraryAuthController.swift in Sources */,
				3E9D6A7126B8EB0D00EDFECA /* CaptureSessionController.swift in Sources */,
				3EB1DD8426B4FFA800082939 /* RequestMicrophoneAuthorizationView.swift in Sources */,
				3E04FE4026B52982004734F5 /* RequestMicrophoneAuthorizationController.swift in Sources */,
				3EF31B8926B7C76500CC852C /* AppSetup.swift in Sources */,
				3E3D24B826B11E0E00F2F3CC /* SceneDelegate.swift in Sources */,
				3E9D6A6E26B8E8D500EDFECA /* VideoPreviewView.swift in Sources */,
				3EF31B8626B7C72D00CC852C /* CaptureViewController.swift in Sources */,
				3E3D24D126B1291F00F2F3CC /* RequestCameraAuthorizationView.swift in Sources */,
				3E3D24D526B181E300F2F3CC /* RequestCameraAuthorizationController.swift in Sources */,
				3E90816426B64FEF00CF7AEA /* UIView+Animation.swift in Sources */,
				3E3D24CB26B11E7F00F2F3CC /* LaunchViewController.swift in Sources */,
			);
			runOnlyForDeploymentPostprocessing = 0;
		};
/* End PBXSourcesBuildPhase section */

/* Begin PBXVariantGroup section */
		3E3D24BB26B11E0E00F2F3CC /* Main.storyboard */ = {
			isa = PBXVariantGroup;
			children = (
				3E3D24BC26B11E0E00F2F3CC /* Base */,
			);
			name = Main.storyboard;
			sourceTree = "<group>";
		};
		3E3D24C026B11E1200F2F3CC /* LaunchScreen.storyboard */ = {
			isa = PBXVariantGroup;
			children = (
				3E3D24C126B11E1200F2F3CC /* Base */,
			);
			name = LaunchScreen.storyboard;
			sourceTree = "<group>";
		};
/* End PBXVariantGroup section */

/* Begin XCBuildConfiguration section */
		3E3D24C426B11E1200F2F3CC /* Debug */ = {
			isa = XCBuildConfiguration;
			buildSettings = {
				ALWAYS_SEARCH_USER_PATHS = NO;
				CLANG_ANALYZER_NONNULL = YES;
				CLANG_ANALYZER_NUMBER_OBJECT_CONVERSION = YES_AGGRESSIVE;
				CLANG_CXX_LANGUAGE_STANDARD = "gnu++14";
				CLANG_CXX_LIBRARY = "libc++";
				CLANG_ENABLE_MODULES = YES;
				CLANG_ENABLE_OBJC_ARC = YES;
				CLANG_ENABLE_OBJC_WEAK = YES;
				CLANG_WARN_BLOCK_CAPTURE_AUTORELEASING = YES;
				CLANG_WARN_BOOL_CONVERSION = YES;
				CLANG_WARN_COMMA = YES;
				CLANG_WARN_CONSTANT_CONVERSION = YES;
				CLANG_WARN_DEPRECATED_OBJC_IMPLEMENTATIONS = YES;
				CLANG_WARN_DIRECT_OBJC_ISA_USAGE = YES_ERROR;
				CLANG_WARN_DOCUMENTATION_COMMENTS = YES;
				CLANG_WARN_EMPTY_BODY = YES;
				CLANG_WARN_ENUM_CONVERSION = YES;
				CLANG_WARN_INFINITE_RECURSION = YES;
				CLANG_WARN_INT_CONVERSION = YES;
				CLANG_WARN_NON_LITERAL_NULL_CONVERSION = YES;
				CLANG_WARN_OBJC_IMPLICIT_RETAIN_SELF = YES;
				CLANG_WARN_OBJC_LITERAL_CONVERSION = YES;
				CLANG_WARN_OBJC_ROOT_CLASS = YES_ERROR;
				CLANG_WARN_QUOTED_INCLUDE_IN_FRAMEWORK_HEADER = YES;
				CLANG_WARN_RANGE_LOOP_ANALYSIS = YES;
				CLANG_WARN_STRICT_PROTOTYPES = YES;
				CLANG_WARN_SUSPICIOUS_MOVE = YES;
				CLANG_WARN_UNGUARDED_AVAILABILITY = YES_AGGRESSIVE;
				CLANG_WARN_UNREACHABLE_CODE = YES;
				CLANG_WARN__DUPLICATE_METHOD_MATCH = YES;
				COPY_PHASE_STRIP = NO;
				DEBUG_INFORMATION_FORMAT = dwarf;
				ENABLE_STRICT_OBJC_MSGSEND = YES;
				ENABLE_TESTABILITY = YES;
				GCC_C_LANGUAGE_STANDARD = gnu11;
				GCC_DYNAMIC_NO_PIC = NO;
				GCC_NO_COMMON_BLOCKS = YES;
				GCC_OPTIMIZATION_LEVEL = 0;
				GCC_PREPROCESSOR_DEFINITIONS = (
					"DEBUG=1",
					"$(inherited)",
				);
				GCC_WARN_64_TO_32_BIT_CONVERSION = YES;
				GCC_WARN_ABOUT_RETURN_TYPE = YES_ERROR;
				GCC_WARN_UNDECLARED_SELECTOR = YES;
				GCC_WARN_UNINITIALIZED_AUTOS = YES_AGGRESSIVE;
				GCC_WARN_UNUSED_FUNCTION = YES;
				GCC_WARN_UNUSED_VARIABLE = YES;
				IPHONEOS_DEPLOYMENT_TARGET = 14.5;
				MTL_ENABLE_DEBUG_INFO = INCLUDE_SOURCE;
				MTL_FAST_MATH = YES;
				ONLY_ACTIVE_ARCH = YES;
				SDKROOT = iphoneos;
				SWIFT_ACTIVE_COMPILATION_CONDITIONS = DEBUG;
				SWIFT_OPTIMIZATION_LEVEL = "-Onone";
			};
			name = Debug;
		};
		3E3D24C526B11E1200F2F3CC /* Release */ = {
			isa = XCBuildConfiguration;
			buildSettings = {
				ALWAYS_SEARCH_USER_PATHS = NO;
				CLANG_ANALYZER_NONNULL = YES;
				CLANG_ANALYZER_NUMBER_OBJECT_CONVERSION = YES_AGGRESSIVE;
				CLANG_CXX_LANGUAGE_STANDARD = "gnu++14";
				CLANG_CXX_LIBRARY = "libc++";
				CLANG_ENABLE_MODULES = YES;
				CLANG_ENABLE_OBJC_ARC = YES;
				CLANG_ENABLE_OBJC_WEAK = YES;
				CLANG_WARN_BLOCK_CAPTURE_AUTORELEASING = YES;
				CLANG_WARN_BOOL_CONVERSION = YES;
				CLANG_WARN_COMMA = YES;
				CLANG_WARN_CONSTANT_CONVERSION = YES;
				CLANG_WARN_DEPRECATED_OBJC_IMPLEMENTATIONS = YES;
				CLANG_WARN_DIRECT_OBJC_ISA_USAGE = YES_ERROR;
				CLANG_WARN_DOCUMENTATION_COMMENTS = YES;
				CLANG_WARN_EMPTY_BODY = YES;
				CLANG_WARN_ENUM_CONVERSION = YES;
				CLANG_WARN_INFINITE_RECURSION = YES;
				CLANG_WARN_INT_CONVERSION = YES;
				CLANG_WARN_NON_LITERAL_NULL_CONVERSION = YES;
				CLANG_WARN_OBJC_IMPLICIT_RETAIN_SELF = YES;
				CLANG_WARN_OBJC_LITERAL_CONVERSION = YES;
				CLANG_WARN_OBJC_ROOT_CLASS = YES_ERROR;
				CLANG_WARN_QUOTED_INCLUDE_IN_FRAMEWORK_HEADER = YES;
				CLANG_WARN_RANGE_LOOP_ANALYSIS = YES;
				CLANG_WARN_STRICT_PROTOTYPES = YES;
				CLANG_WARN_SUSPICIOUS_MOVE = YES;
				CLANG_WARN_UNGUARDED_AVAILABILITY = YES_AGGRESSIVE;
				CLANG_WARN_UNREACHABLE_CODE = YES;
				CLANG_WARN__DUPLICATE_METHOD_MATCH = YES;
				COPY_PHASE_STRIP = NO;
				DEBUG_INFORMATION_FORMAT = "dwarf-with-dsym";
				ENABLE_NS_ASSERTIONS = NO;
				ENABLE_STRICT_OBJC_MSGSEND = YES;
				GCC_C_LANGUAGE_STANDARD = gnu11;
				GCC_NO_COMMON_BLOCKS = YES;
				GCC_WARN_64_TO_32_BIT_CONVERSION = YES;
				GCC_WARN_ABOUT_RETURN_TYPE = YES_ERROR;
				GCC_WARN_UNDECLARED_SELECTOR = YES;
				GCC_WARN_UNINITIALIZED_AUTOS = YES_AGGRESSIVE;
				GCC_WARN_UNUSED_FUNCTION = YES;
				GCC_WARN_UNUSED_VARIABLE = YES;
				IPHONEOS_DEPLOYMENT_TARGET = 14.5;
				MTL_ENABLE_DEBUG_INFO = NO;
				MTL_FAST_MATH = YES;
				SDKROOT = iphoneos;
				SWIFT_COMPILATION_MODE = wholemodule;
				SWIFT_OPTIMIZATION_LEVEL = "-O";
				VALIDATE_PRODUCT = YES;
			};
			name = Release;
		};
		3E3D24C726B11E1200F2F3CC /* Debug */ = {
			isa = XCBuildConfiguration;
			buildSettings = {
				ASSETCATALOG_COMPILER_APPICON_NAME = AppIcon;
				ASSETCATALOG_COMPILER_GLOBAL_ACCENT_COLOR_NAME = AccentColor;
				CODE_SIGN_STYLE = Automatic;
				DEVELOPMENT_TEAM = 4NU36J8PP2;
				INFOPLIST_FILE = testCamera/Info.plist;
				LD_RUNPATH_SEARCH_PATHS = (
					"$(inherited)",
					"@executable_path/Frameworks",
				);
				PRODUCT_BUNDLE_IDENTIFIER = com.debuggerlab.testCamera;
				PRODUCT_NAME = "$(TARGET_NAME)";
				SWIFT_VERSION = 5.0;
				TARGETED_DEVICE_FAMILY = "1,2";
			};
			name = Debug;
		};
		3E3D24C826B11E1200F2F3CC /* Release */ = {
			isa = XCBuildConfiguration;
			buildSettings = {
				ASSETCATALOG_COMPILER_APPICON_NAME = AppIcon;
				ASSETCATALOG_COMPILER_GLOBAL_ACCENT_COLOR_NAME = AccentColor;
				CODE_SIGN_STYLE = Automatic;
				DEVELOPMENT_TEAM = 4NU36J8PP2;
				INFOPLIST_FILE = testCamera/Info.plist;
				LD_RUNPATH_SEARCH_PATHS = (
					"$(inherited)",
					"@executable_path/Frameworks",
				);
				PRODUCT_BUNDLE_IDENTIFIER = com.debuggerlab.testCamera;
				PRODUCT_NAME = "$(TARGET_NAME)";
				SWIFT_VERSION = 5.0;
				TARGETED_DEVICE_FAMILY = "1,2";
			};
			name = Release;
		};
/* End XCBuildConfiguration section */

/* Begin XCConfigurationList section */
		3E3D24AD26B11E0E00F2F3CC /* Build configuration list for PBXProject "testCamera" */ = {
			isa = XCConfigurationList;
			buildConfigurations = (
				3E3D24C426B11E1200F2F3CC /* Debug */,
				3E3D24C526B11E1200F2F3CC /* Release */,
			);
			defaultConfigurationIsVisible = 0;
			defaultConfigurationName = Release;
		};
		3E3D24C626B11E1200F2F3CC /* Build configuration list for PBXNativeTarget "testCamera" */ = {
			isa = XCConfigurationList;
			buildConfigurations = (
				3E3D24C726B11E1200F2F3CC /* Debug */,
				3E3D24C826B11E1200F2F3CC /* Release */,
			);
			defaultConfigurationIsVisible = 0;
			defaultConfigurationName = Release;
		};
/* End XCConfigurationList section */
	};
	rootObject = 3E3D24AA26B11E0E00F2F3CC /* Project object */;
}
